# This file is automatically @generated by Cargo.
# It is not intended for manual editing.
version = 3

[[package]]
name = "apis"
version = "0.1.0"

[[package]]
name = "channels"
version = "0.1.0"

[[package]]
name = "dynamic-dispatch"
version = "0.1.0"

[[package]]
name = "lifetimes"
version = "0.1.0"

[[package]]
name = "smart-pointers"
version = "0.1.0"
